
Microsoft Visual Studio Solution File, Format Version 12.00
# Visual Studio Version 17
VisualStudioVersion = 17.1.32328.378
MinimumVisualStudioVersion = 10.0.40219.1
Project("{9A19103F-16F7-4668-BE54-9A1E7A4F7556}") = "TestEx01", "TestEx01\TestEx01.csproj", "{21C8E8A7-8E56-4E79-8DBF-387A45583AA3}"
EndProject
Project("{9A19103F-16F7-4668-BE54-9A1E7A4F7556}") = "TestAutomationCourse", "TestAutomationCourse\TestAutomationCourse.csproj", "{DA4199FE-9644-4A2F-8721-DF0AF2A4614B}"
EndProject
Global
	GlobalSection(SolutionConfigurationPlatforms) = preSolution
		Debug|Any CPU = Debug|Any CPU
		Release|Any CPU = Release|Any CPU
	EndGlobalSection
	GlobalSection(ProjectConfigurationPlatforms) = postSolution
		{21C8E8A7-8E56-4E79-8DBF-387A45583AA3}.Debug|Any CPU.ActiveCfg = Debug|Any CPU
		{21C8E8A7-8E56-4E79-8DBF-387A45583AA3}.Debug|Any CPU.Build.0 = Debug|Any CPU
		{21C8E8A7-8E56-4E79-8DBF-387A45583AA3}.Release|Any CPU.ActiveCfg = Release|Any CPU
		{21C8E8A7-8E56-4E79-8DBF-387A45583AA3}.Release|Any CPU.Build.0 = Release|Any CPU
		{DA4199FE-9644-4A2F-8721-DF0AF2A4614B}.Debug|Any CPU.ActiveCfg = Debug|Any CPU
		{DA4199FE-9644-4A2F-8721-DF0AF2A4614B}.Debug|Any CPU.Build.0 = Debug|Any CPU
		{DA4199FE-9644-4A2F-8721-DF0AF2A4614B}.Release|Any CPU.ActiveCfg = Release|Any CPU
		{DA4199FE-9644-4A2F-8721-DF0AF2A4614B}.Release|Any CPU.Build.0 = Release|Any CPU
	EndGlobalSection
	GlobalSection(SolutionProperties) = preSolution
		HideSolutionNode = FALSE
	EndGlobalSection
	GlobalSection(ExtensibilityGlobals) = postSolution
		SolutionGuid = {1E44927C-4C92-407E-9718-2758DAEFA850}
	EndGlobalSection
EndGlobal
